
Microsoft Visual Studio Solution File, Format Version 12.00
# Visual Studio Version 17
VisualStudioVersion = 17.9.34607.119
MinimumVisualStudioVersion = 10.0.40219.1
Project("{FAE04EC0-301F-11D3-BF4B-00C04F79EFBC}") = "UnderstandingTopLevelApp", "UnderstandingTopLevelApp.csproj", "{6E5BD74F-D26B-44E4-BB11-76C962F15324}"
EndProject
Global
	GlobalSection(SolutionConfigurationPlatforms) = preSolution
		Debug|Any CPU = Debug|Any CPU
		Release|Any CPU = Release|Any CPU
	EndGlobalSection
	GlobalSection(ProjectConfigurationPlatforms) = postSolution
		{6E5BD74F-D26B-44E4-BB11-76C962F15324}.Debug|Any CPU.ActiveCfg = Debug|Any CPU
		{6E5BD74F-D26B-44E4-BB11-76C962F15324}.Debug|Any CPU.Build.0 = Debug|Any CPU
		{6E5BD74F-D26B-44E4-BB11-76C962F15324}.Release|Any CPU.ActiveCfg = Release|Any CPU
		{6E5BD74F-D26B-44E4-BB11-76C962F15324}.Release|Any CPU.Build.0 = Release|Any CPU
	EndGlobalSection
	GlobalSection(SolutionProperties) = preSolution
		HideSolutionNode = FALSE
	EndGlobalSection
	GlobalSection(ExtensibilityGlobals) = postSolution
		SolutionGuid = {FA4A76E6-32F3-4282-BA69-20312087E8DD}
	EndGlobalSection
EndGlobal
